
Microsoft Visual Studio Solution File, Format Version 12.00
# Visual Studio Version 17
VisualStudioVersion = 17.5.33414.496
MinimumVisualStudioVersion = 10.0.40219.1
Project("{9A19103F-16F7-4668-BE54-9A1E7A4F7556}") = "BlazorApp1", "BlazorApp1\BlazorApp1.csproj", "{1E6B3602-6728-4487-B51C-A69BDBB99ACC}"
EndProject
Project("{FAE04EC0-301F-11D3-BF4B-00C04F79EFBC}") = "NotifyUser", "NotifyUser\NotifyUser.csproj", "{EA43039E-A8FB-4A16-9E7A-FDD56EA69D99}"
EndProject
Global
	GlobalSection(SolutionConfigurationPlatforms) = preSolution
		Debug|Any CPU = Debug|Any CPU
		Release|Any CPU = Release|Any CPU
	EndGlobalSection
	GlobalSection(ProjectConfigurationPlatforms) = postSolution
		{1E6B3602-6728-4487-B51C-A69BDBB99ACC}.Debug|Any CPU.ActiveCfg = Debug|Any CPU
		{1E6B3602-6728-4487-B51C-A69BDBB99ACC}.Debug|Any CPU.Build.0 = Debug|Any CPU
		{1E6B3602-6728-4487-B51C-A69BDBB99ACC}.Release|Any CPU.ActiveCfg = Release|Any CPU
		{1E6B3602-6728-4487-B51C-A69BDBB99ACC}.Release|Any CPU.Build.0 = Release|Any CPU
		{EA43039E-A8FB-4A16-9E7A-FDD56EA69D99}.Debug|Any CPU.ActiveCfg = Debug|Any CPU
		{EA43039E-A8FB-4A16-9E7A-FDD56EA69D99}.Debug|Any CPU.Build.0 = Debug|Any CPU
		{EA43039E-A8FB-4A16-9E7A-FDD56EA69D99}.Release|Any CPU.ActiveCfg = Release|Any CPU
		{EA43039E-A8FB-4A16-9E7A-FDD56EA69D99}.Release|Any CPU.Build.0 = Release|Any CPU
	EndGlobalSection
	GlobalSection(SolutionProperties) = preSolution
		HideSolutionNode = FALSE
	EndGlobalSection
	GlobalSection(ExtensibilityGlobals) = postSolution
		SolutionGuid = {590BFF6F-CEE2-46DC-8976-FEECED959C8E}
	EndGlobalSection
EndGlobal
